Microsoft Visual Studio Solution File, Format Version 12.00
# Visual Studio Version 17
VisualStudioVersion = 17.5.2.0
MinimumVisualStudioVersion = 10.0.40219.1
Project("{FAE04EC0-301F-11D3-BF4B-00C04F79EFBC}") = "Picksy", "Picksy\Picksy.csproj", "{E751C947-7116-8A83-1AB6-76D23F301125}"
EndProject
Global
	GlobalSection(SolutionConfigurationPlatforms) = preSolution
		Debug|Any CPU = Debug|Any CPU
		Release|Any CPU = Release|Any CPU
	EndGlobalSection
	GlobalSection(ProjectConfigurationPlatforms) = postSolution
		{E751C947-7116-8A83-1AB6-76D23F301125}.Debug|Any CPU.ActiveCfg = Debug|Any CPU
		{E751C947-7116-8A83-1AB6-76D23F301125}.Debug|Any CPU.Build.0 = Debug|Any CPU
		{E751C947-7116-8A83-1AB6-76D23F301125}.Release|Any CPU.ActiveCfg = Release|Any CPU
		{E751C947-7116-8A83-1AB6-76D23F301125}.Release|Any CPU.Build.0 = Release|Any CPU
	EndGlobalSection
	GlobalSection(SolutionProperties) = preSolution
		HideSolutionNode = FALSE
	EndGlobalSection
	GlobalSection(ExtensibilityGlobals) = postSolution
		SolutionGuid = {03F8719C-DCBC-4CC0-91AD-6E62AFDB12C7}
	EndGlobalSection
EndGlobal
